
Microsoft Visual Studio Solution File, Format Version 12.00
Project("{FAE04EC0-301F-11D3-BF4B-00C04F79EFBC}") = "TaskListWebApplication", "TaskListWebApplication\TaskListWebApplication.csproj", "{527401FE-1D5F-4F28-9E3B-C730E66E5EFB}"
EndProject
Project("{FAE04EC0-301F-11D3-BF4B-00C04F79EFBC}") = "IdentityServer", "IdentityServer\IdentityServer.csproj", "{960778E9-5842-464D-B40D-232F67C18121}"
EndProject
Project("{FAE04EC0-301F-11D3-BF4B-00C04F79EFBC}") = "GlobalDomain", "GlobalDomain\GlobalDomain.csproj", "{C46A9894-6ADF-44F3-B667-F85C8C72B58A}"
EndProject
Global
	GlobalSection(SolutionConfigurationPlatforms) = preSolution
		Debug|Any CPU = Debug|Any CPU
		Release|Any CPU = Release|Any CPU
	EndGlobalSection
	GlobalSection(ProjectConfigurationPlatforms) = postSolution
		{527401FE-1D5F-4F28-9E3B-C730E66E5EFB}.Debug|Any CPU.ActiveCfg = Debug|Any CPU
		{527401FE-1D5F-4F28-9E3B-C730E66E5EFB}.Debug|Any CPU.Build.0 = Debug|Any CPU
		{527401FE-1D5F-4F28-9E3B-C730E66E5EFB}.Release|Any CPU.ActiveCfg = Release|Any CPU
		{527401FE-1D5F-4F28-9E3B-C730E66E5EFB}.Release|Any CPU.Build.0 = Release|Any CPU
		{960778E9-5842-464D-B40D-232F67C18121}.Debug|Any CPU.ActiveCfg = Debug|Any CPU
		{960778E9-5842-464D-B40D-232F67C18121}.Debug|Any CPU.Build.0 = Debug|Any CPU
		{960778E9-5842-464D-B40D-232F67C18121}.Release|Any CPU.ActiveCfg = Release|Any CPU
		{960778E9-5842-464D-B40D-232F67C18121}.Release|Any CPU.Build.0 = Release|Any CPU
		{C46A9894-6ADF-44F3-B667-F85C8C72B58A}.Debug|Any CPU.ActiveCfg = Debug|Any CPU
		{C46A9894-6ADF-44F3-B667-F85C8C72B58A}.Debug|Any CPU.Build.0 = Debug|Any CPU
		{C46A9894-6ADF-44F3-B667-F85C8C72B58A}.Release|Any CPU.ActiveCfg = Release|Any CPU
		{C46A9894-6ADF-44F3-B667-F85C8C72B58A}.Release|Any CPU.Build.0 = Release|Any CPU
	EndGlobalSection
EndGlobal
